
Microsoft Visual Studio Solution File, Format Version 11.00
# Visual Studio 2010
Project("{FAE04EC0-301F-11D3-BF4B-00C04F79EFBC}") = "Assembly-CSharp", "Assembly-CSharp.csproj", "{4E1F593B-B5AE-6297-AC22-96BD4B34AF88}"
EndProject
Global
	GlobalSection(SolutionConfigurationPlatforms) = preSolution
		Debug|Any CPU = Debug|Any CPU
		Release|Any CPU = Release|Any CPU
	EndGlobalSection
	GlobalSection(ProjectConfigurationPlatforms) = postSolution
		{4E1F593B-B5AE-6297-AC22-96BD4B34AF88}.Debug|Any CPU.ActiveCfg = Debug|Any CPU
		{4E1F593B-B5AE-6297-AC22-96BD4B34AF88}.Debug|Any CPU.Build.0 = Debug|Any CPU
		{4E1F593B-B5AE-6297-AC22-96BD4B34AF88}.Release|Any CPU.ActiveCfg = Release|Any CPU
		{4E1F593B-B5AE-6297-AC22-96BD4B34AF88}.Release|Any CPU.Build.0 = Release|Any CPU
	EndGlobalSection
	GlobalSection(SolutionProperties) = preSolution
		HideSolutionNode = FALSE
	EndGlobalSection
EndGlobal
